// !$*UTF8*$!
{
	archiveVersion = 1;
	classes = {
	};
	objectVersion = 46;
	objects = {

/* Begin PBXBuildFile section */
		7D37CF3117BBAD22006828C8 /* Foundation.framework in Frameworks */ = {isa = PBXBuildFile; fileRef = 7D37CF3017BBAD22006828C8 /* Foundation.framework */; };
		7D37CF3317BBAD22006828C8 /* CoreGraphics.framework in Frameworks */ = {isa = PBXBuildFile; fileRef = 7D37CF3217BBAD22006828C8 /* CoreGraphics.framework */; };
		7D37CF3517BBAD22006828C8 /* UIKit.framework in Frameworks */ = {isa = PBXBuildFile; fileRef = 7D37CF3417BBAD22006828C8 /* UIKit.framework */; };
		7D37CF3B17BBAD22006828C8 /* InfoPlist.strings in Resources */ = {isa = PBXBuildFile; fileRef = 7D37CF3917BBAD22006828C8 /* InfoPlist.strings */; };
		7D37CF3D17BBAD22006828C8 /* main.m in Sources */ = {isa = PBXBuildFile; fileRef = 7D37CF3C17BBAD22006828C8 /* main.m */; };
		7D37CF4117BBAD22006828C8 /* AppDelegate.m in Sources */ = {isa = PBXBuildFile; fileRef = 7D37CF4017BBAD22006828C8 /* AppDelegate.m */; };
		7D37CF4417BBAD22006828C8 /* Main_iPhone.storyboard in Resources */ = {isa = PBXBuildFile; fileRef = 7D37CF4217BBAD22006828C8 /* Main_iPhone.storyboard */; };
		7D37CF4717BBAD22006828C8 /* Main_iPad.storyboard in Resources */ = {isa = PBXBuildFile; fileRef = 7D37CF4517BBAD22006828C8 /* Main_iPad.storyboard */; };
		7D37CF4A17BBAD22006828C8 /* ViewController.m in Sources */ = {isa = PBXBuildFile; fileRef = 7D37CF4917BBAD22006828C8 /* ViewController.m */; };
		7D37CF4C17BBAD22006828C8 /* Images.xcassets in Resources */ = {isa = PBXBuildFile; fileRef = 7D37CF4B17BBAD22006828C8 /* Images.xcassets */; };
		7D37CF5317BBAD22006828C8 /* XCTest.framework in Frameworks */ = {isa = PBXBuildFile; fileRef = 7D37CF5217BBAD22006828C8 /* XCTest.framework */; };
		7D37CF5417BBAD22006828C8 /* Foundation.framework in Frameworks */ = {isa = PBXBuildFile; fileRef = 7D37CF3017BBAD22006828C8 /* Foundation.framework */; };
		7D37CF5517BBAD22006828C8 /* UIKit.framework in Frameworks */ = {isa = PBXBuildFile; fileRef = 7D37CF3417BBAD22006828C8 /* UIKit.framework */; };
		7D37CF5D17BBAD22006828C8 /* InfoPlist.strings in Resources */ = {isa = PBXBuildFile; fileRef = 7D37CF5B17BBAD22006828C8 /* InfoPlist.strings */; };
		7D37CF5F17BBAD22006828C8 /* ComprobarBateriaTests.m in Sources */ = {isa = PBXBuildFile; fileRef = 7D37CF5E17BBAD22006828C8 /* ComprobarBateriaTests.m */; };
		7D37CF6E17BBB497006828C8 /* logo76.png in Resources */ = {isa = PBXBuildFile; fileRef = 7D37CF6817BBB497006828C8 /* logo76.png */; };
		7D37CF6F17BBB497006828C8 /* logo80.png in Resources */ = {isa = PBXBuildFile; fileRef = 7D37CF6917BBB497006828C8 /* logo80.png */; };
		7D37CF7017BBB497006828C8 /* logo120.png in Resources */ = {isa = PBXBuildFile; fileRef = 7D37CF6A17BBB497006828C8 /* logo120.png */; };
		7D37CF7117BBB497006828C8 /* logo152.png in Resources */ = {isa = PBXBuildFile; fileRef = 7D37CF6B17BBB497006828C8 /* logo152.png */; };
		7D37CF7217BBB497006828C8 /* logo58.png in Resources */ = {isa = PBXBuildFile; fileRef = 7D37CF6C17BBB497006828C8 /* logo58.png */; };
		7D37CF7317BBB497006828C8 /* logo29.png in Resources */ = {isa = PBXBuildFile; fileRef = 7D37CF6D17BBB497006828C8 /* logo29.png */; };
		7D37CF7617BBB5BC006828C8 /* logo40.png in Resources */ = {isa = PBXBuildFile; fileRef = 7D37CF7517BBB5BC006828C8 /* logo40.png */; };
/* End PBXBuildFile section */

/* Begin PBXContainerItemProxy section */
		7D37CF5617BBAD22006828C8 /* PBXContainerItemProxy */ = {
			isa = PBXContainerItemProxy;
			containerPortal = 7D37CF2517BBAD22006828C8 /* Project object */;
			proxyType = 1;
			remoteGlobalIDString = 7D37CF2C17BBAD22006828C8;
			remoteInfo = ComprobarBateria;
		};
/* End PBXContainerItemProxy section */

/* Begin PBXFileReference section */
		7D37CF2D17BBAD22006828C8 /* Bateria.app */ = {isa = PBXFileReference; explicitFileType = wrapper.application; includeInIndex = 0; path = Bateria.app; sourceTree = BUILT_PRODUCTS_DIR; };
		7D37CF3017BBAD22006828C8 /* Foundation.framework */ = {isa = PBXFileReference; lastKnownFileType = wrapper.framework; name = Foundation.framework; path = System/Library/Frameworks/Foundation.framework; sourceTree = SDKROOT; };
		7D37CF3217BBAD22006828C8 /* CoreGraphics.framework */ = {isa = PBXFileReference; lastKnownFileType = wrapper.framework; name = CoreGraphics.framework; path = System/Library/Frameworks/CoreGraphics.framework; sourceTree = SDKROOT; };
		7D37CF3417BBAD22006828C8 /* UIKit.framework */ = {isa = PBXFileReference; lastKnownFileType = wrapper.framework; name = UIKit.framework; path = System/Library/Frameworks/UIKit.framework; sourceTree = SDKROOT; };
		7D37CF3817BBAD22006828C8 /* Bateria-Info.plist */ = {isa = PBXFileReference; lastKnownFileType = text.plist.xml; path = "Bateria-Info.plist"; sourceTree = "<group>"; };
		7D37CF3A17BBAD22006828C8 /* en */ = {isa = PBXFileReference; lastKnownFileType = text.plist.strings; name = en; path = en.lproj/InfoPlist.strings; sourceTree = "<group>"; };
		7D37CF3C17BBAD22006828C8 /* main.m */ = {isa = PBXFileReference; lastKnownFileType = sourcecode.c.objc; path = main.m; sourceTree = "<group>"; };
		7D37CF3E17BBAD22006828C8 /* Bateria-Prefix.pch */ = {isa = PBXFileReference; lastKnownFileType = sourcecode.c.h; path = "Bateria-Prefix.pch"; sourceTree = "<group>"; };
		7D37CF3F17BBAD22006828C8 /* AppDelegate.h */ = {isa = PBXFileReference; lastKnownFileType = sourcecode.c.h; path = AppDelegate.h; sourceTree = "<group>"; };
		7D37CF4017BBAD22006828C8 /* AppDelegate.m */ = {isa = PBXFileReference; lastKnownFileType = sourcecode.c.objc; path = AppDelegate.m; sourceTree = "<group>"; };
		7D37CF4317BBAD22006828C8 /* Base */ = {isa = PBXFileReference; lastKnownFileType = file.storyboard; name = Base; path = Base.lproj/Main_iPhone.storyboard; sourceTree = "<group>"; };
		7D37CF4617BBAD22006828C8 /* Base */ = {isa = PBXFileReference; lastKnownFileType = file.storyboard; name = Base; path = Base.lproj/Main_iPad.storyboard; sourceTree = "<group>"; };
		7D37CF4817BBAD22006828C8 /* ViewController.h */ = {isa = PBXFileReference; lastKnownFileType = sourcecode.c.h; path = ViewController.h; sourceTree = "<group>"; };
		7D37CF4917BBAD22006828C8 /* ViewController.m */ = {isa = PBXFileReference; lastKnownFileType = sourcecode.c.objc; path = ViewController.m; sourceTree = "<group>"; };
		7D37CF4B17BBAD22006828C8 /* Images.xcassets */ = {isa = PBXFileReference; lastKnownFileType = folder.assetcatalog; path = Images.xcassets; sourceTree = "<group>"; };
		7D37CF5117BBAD22006828C8 /* BateriaTests.xctest */ = {isa = PBXFileReference; explicitFileType = wrapper.cfbundle; includeInIndex = 0; path = BateriaTests.xctest; sourceTree = BUILT_PRODUCTS_DIR; };
		7D37CF5217BBAD22006828C8 /* XCTest.framework */ = {isa = PBXFileReference; lastKnownFileType = wrapper.framework; name = XCTest.framework; path = Library/Frameworks/XCTest.framework; sourceTree = DEVELOPER_DIR; };
		7D37CF5A17BBAD22006828C8 /* BateriaTests-Info.plist */ = {isa = PBXFileReference; lastKnownFileType = text.plist.xml; path = "BateriaTests-Info.plist"; sourceTree = "<group>"; };
		7D37CF5C17BBAD22006828C8 /* en */ = {isa = PBXFileReference; lastKnownFileType = text.plist.strings; name = en; path = en.lproj/InfoPlist.strings; sourceTree = "<group>"; };
		7D37CF5E17BBAD22006828C8 /* ComprobarBateriaTests.m */ = {isa = PBXFileReference; lastKnownFileType = sourcecode.c.objc; path = ComprobarBateriaTests.m; sourceTree = "<group>"; };
		7D37CF6817BBB497006828C8 /* logo76.png */ = {isa = PBXFileReference; lastKnownFileType = image.png; path = logo76.png; sourceTree = "<group>"; };
		7D37CF6917BBB497006828C8 /* logo80.png */ = {isa = PBXFileReference; lastKnownFileType = image.png; path = logo80.png; sourceTree = "<group>"; };
		7D37CF6A17BBB497006828C8 /* logo120.png */ = {isa = PBXFileReference; lastKnownFileType = image.png; path = logo120.png; sourceTree = "<group>"; };
		7D37CF6B17BBB497006828C8 /* logo152.png */ = {isa = PBXFileReference; lastKnownFileType = image.png; path = logo152.png; sourceTree = "<group>"; };
		7D37CF6C17BBB497006828C8 /* logo58.png */ = {isa = PBXFileReference; lastKnownFileType = image.png; path = logo58.png; sourceTree = "<group>"; };
		7D37CF6D17BBB497006828C8 /* logo29.png */ = {isa = PBXFileReference; lastKnownFileType = image.png; path = logo29.png; sourceTree = "<group>"; };
		7D37CF7517BBB5BC006828C8 /* logo40.png */ = {isa = PBXFileReference; lastKnownFileType = image.png; path = logo40.png; sourceTree = "<group>"; };
/* End PBXFileReference section */

/* Begin PBXFrameworksBuildPhase section */
		7D37CF2A17BBAD22006828C8 /* Frameworks */ = {
			isa = PBXFrameworksBuildPhase;
			buildActionMask = 2147483647;
			files = (
				7D37CF3317BBAD22006828C8 /* CoreGraphics.framework in Frameworks */,
				7D37CF3517BBAD22006828C8 /* UIKit.framework in Frameworks */,
				7D37CF3117BBAD22006828C8 /* Foundation.framework in Frameworks */,
			);
			runOnlyForDeploymentPostprocessing = 0;
		};
		7D37CF4E17BBAD22006828C8 /* Frameworks */ = {
			isa = PBXFrameworksBuildPhase;
			buildActionMask = 2147483647;
			files = (
				7D37CF5317BBAD22006828C8 /* XCTest.framework in Frameworks */,
				7D37CF5517BBAD22006828C8 /* UIKit.framework in Frameworks */,
				7D37CF5417BBAD22006828C8 /* Foundation.framework in Frameworks */,
			);
			runOnlyForDeploymentPostprocessing = 0;
		};
/* End PBXFrameworksBuildPhase section */

/* Begin PBXGroup section */
		7D37CF2417BBAD22006828C8 = {
			isa = PBXGroup;
			children = (
				7D37CF7417BBB4BF006828C8 /* images */,
				7D37CF3617BBAD22006828C8 /* ComprobarBateria */,
				7D37CF5817BBAD22006828C8 /* ComprobarBateriaTests */,
				7D37CF2F17BBAD22006828C8 /* Frameworks */,
				7D37CF2E17BBAD22006828C8 /* Products */,
			);
			sourceTree = "<group>";
		};
		7D37CF2E17BBAD22006828C8 /* Products */ = {
			isa = PBXGroup;
			children = (
				7D37CF2D17BBAD22006828C8 /* Bateria.app */,
				7D37CF5117BBAD22006828C8 /* BateriaTests.xctest */,
			);
			name = Products;
			sourceTree = "<group>";
		};
		7D37CF2F17BBAD22006828C8 /* Frameworks */ = {
			isa = PBXGroup;
			children = (
				7D37CF3017BBAD22006828C8 /* Foundation.framework */,
				7D37CF3217BBAD22006828C8 /* CoreGraphics.framework */,
				7D37CF3417BBAD22006828C8 /* UIKit.framework */,
				7D37CF5217BBAD22006828C8 /* XCTest.framework */,
			);
			name = Frameworks;
			sourceTree = "<group>";
		};
		7D37CF3617BBAD22006828C8 /* ComprobarBateria */ = {
			isa = PBXGroup;
			children = (
				7D37CF3F17BBAD22006828C8 /* AppDelegate.h */,
				7D37CF4017BBAD22006828C8 /* AppDelegate.m */,
				7D37CF4217BBAD22006828C8 /* Main_iPhone.storyboard */,
				7D37CF4517BBAD22006828C8 /* Main_iPad.storyboard */,
				7D37CF4817BBAD22006828C8 /* ViewController.h */,
				7D37CF4917BBAD22006828C8 /* ViewController.m */,
				7D37CF4B17BBAD22006828C8 /* Images.xcassets */,
				7D37CF3717BBAD22006828C8 /* Supporting Files */,
			);
			path = ComprobarBateria;
			sourceTree = "<group>";
		};
		7D37CF3717BBAD22006828C8 /* Supporting Files */ = {
			isa = PBXGroup;
			children = (
				7D37CF3817BBAD22006828C8 /* Bateria-Info.plist */,
				7D37CF3917BBAD22006828C8 /* InfoPlist.strings */,
				7D37CF3C17BBAD22006828C8 /* main.m */,
				7D37CF3E17BBAD22006828C8 /* Bateria-Prefix.pch */,
			);
			name = "Supporting Files";
			sourceTree = "<group>";
		};
		7D37CF5817BBAD22006828C8 /* ComprobarBateriaTests */ = {
			isa = PBXGroup;
			children = (
				7D37CF5E17BBAD22006828C8 /* ComprobarBateriaTests.m */,
				7D37CF5917BBAD22006828C8 /* Supporting Files */,
			);
			path = ComprobarBateriaTests;
			sourceTree = "<group>";
		};
		7D37CF5917BBAD22006828C8 /* Supporting Files */ = {
			isa = PBXGroup;
			children = (
				7D37CF5A17BBAD22006828C8 /* BateriaTests-Info.plist */,
				7D37CF5B17BBAD22006828C8 /* InfoPlist.strings */,
			);
			name = "Supporting Files";
			sourceTree = "<group>";
		};
		7D37CF7417BBB4BF006828C8 /* images */ = {
			isa = PBXGroup;
			children = (
				7D37CF6B17BBB497006828C8 /* logo152.png */,
				7D37CF6A17BBB497006828C8 /* logo120.png */,
				7D37CF6917BBB497006828C8 /* logo80.png */,
				7D37CF6817BBB497006828C8 /* logo76.png */,
				7D37CF6C17BBB497006828C8 /* logo58.png */,
				7D37CF7517BBB5BC006828C8 /* logo40.png */,
				7D37CF6D17BBB497006828C8 /* logo29.png */,
			);
			name = images;
			sourceTree = "<group>";
		};
/* End PBXGroup section */

/* Begin PBXNativeTarget section */
		7D37CF2C17BBAD22006828C8 /* Bateria */ = {
			isa = PBXNativeTarget;
			buildConfigurationList = 7D37CF6217BBAD22006828C8 /* Build configuration list for PBXNativeTarget "Bateria" */;
			buildPhases = (
				7D37CF2917BBAD22006828C8 /* Sources */,
				7D37CF2A17BBAD22006828C8 /* Frameworks */,
				7D37CF2B17BBAD22006828C8 /* Resources */,
			);
			buildRules = (
			);
			dependencies = (
			);
			name = Bateria;
			productName = ComprobarBateria;
			productReference = 7D37CF2D17BBAD22006828C8 /* Bateria.app */;
			productType = "com.apple.product-type.application";
		};
		7D37CF5017BBAD22006828C8 /* BateriaTests */ = {
			isa = PBXNativeTarget;
			buildConfigurationList = 7D37CF6517BBAD22006828C8 /* Build configuration list for PBXNativeTarget "BateriaTests" */;
			buildPhases = (
				7D37CF4D17BBAD22006828C8 /* Sources */,
				7D37CF4E17BBAD22006828C8 /* Frameworks */,
				7D37CF4F17BBAD22006828C8 /* Resources */,
			);
			buildRules = (
			);
			dependencies = (
				7D37CF5717BBAD22006828C8 /* PBXTargetDependency */,
			);
			name = BateriaTests;
			productName = ComprobarBateriaTests;
			productReference = 7D37CF5117BBAD22006828C8 /* BateriaTests.xctest */;
			productType = "com.apple.product-type.bundle.unit-test";
		};
/* End PBXNativeTarget section */

/* Begin PBXProject section */
		7D37CF2517BBAD22006828C8 /* Project object */ = {
			isa = PBXProject;
			attributes = {
				LastUpgradeCheck = 0500;
				ORGANIZATIONNAME = Berganza;
				TargetAttributes = {
					7D37CF2C17BBAD22006828C8 = {
						DevelopmentTeam = PTK52BE34D;
					};
					7D37CF5017BBAD22006828C8 = {
						TestTargetID = 7D37CF2C17BBAD22006828C8;
					};
				};
			};
			buildConfigurationList = 7D37CF2817BBAD22006828C8 /* Build configuration list for PBXProject "Bateria" */;
			compatibilityVersion = "Xcode 3.2";
			developmentRegion = English;
			hasScannedForEncodings = 0;
			knownRegions = (
				en,
				Base,
			);
			mainGroup = 7D37CF2417BBAD22006828C8;
			productRefGroup = 7D37CF2E17BBAD22006828C8 /* Products */;
			projectDirPath = "";
			projectRoot = "";
			targets = (
				7D37CF2C17BBAD22006828C8 /* Bateria */,
				7D37CF5017BBAD22006828C8 /* BateriaTests */,
			);
		};
/* End PBXProject section */

/* Begin PBXResourcesBuildPhase section */
		7D37CF2B17BBAD22006828C8 /* Resources */ = {
			isa = PBXResourcesBuildPhase;
			buildActionMask = 2147483647;
			files = (
				7D37CF6F17BBB497006828C8 /* logo80.png in Resources */,
				7D37CF4717BBAD22006828C8 /* Main_iPad.storyboard in Resources */,
				7D37CF7017BBB497006828C8 /* logo120.png in Resources */,
				7D37CF4C17BBAD22006828C8 /* Images.xcassets in Resources */,
				7D37CF6E17BBB497006828C8 /* logo76.png in Resources */,
				7D37CF4417BBAD22006828C8 /* Main_iPhone.storyboard in Resources */,
				7D37CF3B17BBAD22006828C8 /* InfoPlist.strings in Resources */,
				7D37CF7317BBB497006828C8 /* logo29.png in Resources */,
				7D37CF7617BBB5BC006828C8 /* logo40.png in Resources */,
				7D37CF7217BBB497006828C8 /* logo58.png in Resources */,
				7D37CF7117BBB497006828C8 /* logo152.png in Resources */,
			);
			runOnlyForDeploymentPostprocessing = 0;
		};
		7D37CF4F17BBAD22006828C8 /* Resources */ = {
			isa = PBXResourcesBuildPhase;
			buildActionMask = 2147483647;
			files = (
				7D37CF5D17BBAD22006828C8 /* InfoPlist.strings in Resources */,
			);
			runOnlyForDeploymentPostprocessing = 0;
		};
/* End PBXResourcesBuildPhase section */

/* Begin PBXSourcesBuildPhase section */
		7D37CF2917BBAD22006828C8 /* Sources */ = {
			isa = PBXSourcesBuildPhase;
			buildActionMask = 2147483647;
			files = (
				7D37CF4A17BBAD22006828C8 /* ViewController.m in Sources */,
				7D37CF4117BBAD22006828C8 /* AppDelegate.m in Sources */,
				7D37CF3D17BBAD22006828C8 /* main.m in Sources */,
			);
			runOnlyForDeploymentPostprocessing = 0;
		};
		7D37CF4D17BBAD22006828C8 /* Sources */ = {
			isa = PBXSourcesBuildPhase;
			buildActionMask = 2147483647;
			files = (
				7D37CF5F17BBAD22006828C8 /* ComprobarBateriaTests.m in Sources */,
			);
			runOnlyForDeploymentPostprocessing = 0;
		};
/* End PBXSourcesBuildPhase section */

/* Begin PBXTargetDependency section */
		7D37CF5717BBAD22006828C8 /* PBXTargetDependency */ = {
			isa = PBXTargetDependency;
			target = 7D37CF2C17BBAD22006828C8 /* Bateria */;
			targetProxy = 7D37CF5617BBAD22006828C8 /* PBXContainerItemProxy */;
		};
/* End PBXTargetDependency section */

/* Begin PBXVariantGroup section */
		7D37CF3917BBAD22006828C8 /* InfoPlist.strings */ = {
			isa = PBXVariantGroup;
			children = (
				7D37CF3A17BBAD22006828C8 /* en */,
			);
			name = InfoPlist.strings;
			sourceTree = "<group>";
		};
		7D37CF4217BBAD22006828C8 /* Main_iPhone.storyboard */ = {
			isa = PBXVariantGroup;
			children = (
				7D37CF4317BBAD22006828C8 /* Base */,
			);
			name = Main_iPhone.storyboard;
			sourceTree = "<group>";
		};
		7D37CF4517BBAD22006828C8 /* Main_iPad.storyboard */ = {
			isa = PBXVariantGroup;
			children = (
				7D37CF4617BBAD22006828C8 /* Base */,
			);
			name = Main_iPad.storyboard;
			sourceTree = "<group>";
		};
		7D37CF5B17BBAD22006828C8 /* InfoPlist.strings */ = {
			isa = PBXVariantGroup;
			children = (
				7D37CF5C17BBAD22006828C8 /* en */,
			);
			name = InfoPlist.strings;
			sourceTree = "<group>";
		};
/* End PBXVariantGroup section */

/* Begin XCBuildConfiguration section */
		7D37CF6017BBAD22006828C8 /* Debug */ = {
			isa = XCBuildConfiguration;
			buildSettings = {
				ALWAYS_SEARCH_USER_PATHS = NO;
				CLANG_CXX_LANGUAGE_STANDARD = "gnu++0x";
				CLANG_CXX_LIBRARY = "libc++";
				CLANG_ENABLE_MODULES = YES;
				CLANG_ENABLE_OBJC_ARC = YES;
				CLANG_WARN_BOOL_CONVERSION = YES;
				CLANG_WARN_CONSTANT_CONVERSION = YES;
				CLANG_WARN_DIRECT_OBJC_ISA_USAGE = YES_ERROR;
				CLANG_WARN_EMPTY_BODY = YES;
				CLANG_WARN_ENUM_CONVERSION = YES;
				CLANG_WARN_INT_CONVERSION = YES;
				CLANG_WARN_OBJC_ROOT_CLASS = YES_ERROR;
				CLANG_WARN__DUPLICATE_METHOD_MATCH = YES;
				"CODE_SIGN_IDENTITY[sdk=iphoneos*]" = "iPhone Developer";
				COPY_PHASE_STRIP = NO;
				GCC_C_LANGUAGE_STANDARD = gnu99;
				GCC_DYNAMIC_NO_PIC = NO;
				GCC_OPTIMIZATION_LEVEL = 0;
				GCC_PREPROCESSOR_DEFINITIONS = (
					"DEBUG=1",
					"$(inherited)",
				);
				GCC_SYMBOLS_PRIVATE_EXTERN = NO;
				GCC_WARN_ABOUT_RETURN_TYPE = YES_ERROR;
				GCC_WARN_UNDECLARED_SELECTOR = YES;
				GCC_WARN_UNINITIALIZED_AUTOS = YES;
				GCC_WARN_UNUSED_FUNCTION = YES;
				GCC_WARN_UNUSED_VARIABLE = YES;
				IPHONEOS_DEPLOYMENT_TARGET = 7.0;
				ONLY_ACTIVE_ARCH = YES;
				SDKROOT = iphoneos;
				TARGETED_DEVICE_FAMILY = "1,2";
			};
			name = Debug;
		};
		7D37CF6117BBAD22006828C8 /* Release */ = {
			isa = XCBuildConfiguration;
			buildSettings = {
				ALWAYS_SEARCH_USER_PATHS = NO;
				CLANG_CXX_LANGUAGE_STANDARD = "gnu++0x";
				CLANG_CXX_LIBRARY = "libc++";
				CLANG_ENABLE_MODULES = YES;
				CLANG_ENABLE_OBJC_ARC = YES;
				CLANG_WARN_BOOL_CONVERSION = YES;
				CLANG_WARN_CONSTANT_CONVERSION = YES;
				CLANG_WARN_DIRECT_OBJC_ISA_USAGE = YES_ERROR;
				CLANG_WARN_EMPTY_BODY = YES;
				CLANG_WARN_ENUM_CONVERSION = YES;
				CLANG_WARN_INT_CONVERSION = YES;
				CLANG_WARN_OBJC_ROOT_CLASS = YES_ERROR;
				CLANG_WARN__DUPLICATE_METHOD_MATCH = YES;
				"CODE_SIGN_IDENTITY[sdk=iphoneos*]" = "iPhone Developer";
				COPY_PHASE_STRIP = YES;
				ENABLE_NS_ASSERTIONS = NO;
				GCC_C_LANGUAGE_STANDARD = gnu99;
				GCC_WARN_ABOUT_RETURN_TYPE = YES_ERROR;
				GCC_WARN_UNDECLARED_SELECTOR = YES;
				GCC_WARN_UNINITIALIZED_AUTOS = YES;
				GCC_WARN_UNUSED_FUNCTION = YES;
				GCC_WARN_UNUSED_VARIABLE = YES;
				IPHONEOS_DEPLOYMENT_TARGET = 7.0;
				SDKROOT = iphoneos;
				TARGETED_DEVICE_FAMILY = "1,2";
				VALIDATE_PRODUCT = YES;
			};
			name = Release;
		};
		7D37CF6317BBAD22006828C8 /* Debug */ = {
			isa = XCBuildConfiguration;
			buildSettings = {
				ASSETCATALOG_COMPILER_APPICON_NAME = AppIcon;
				ASSETCATALOG_COMPILER_LAUNCHIMAGE_NAME = LaunchImage;
				CODE_SIGN_IDENTITY = "iPhone Developer";
				GCC_PRECOMPILE_PREFIX_HEADER = YES;
				GCC_PREFIX_HEADER = "ComprobarBateria/Bateria-Prefix.pch";
				INFOPLIST_FILE = "ComprobarBateria/Bateria-Info.plist";
				PRODUCT_NAME = Bateria;
				WRAPPER_EXTENSION = app;
			};
			name = Debug;
		};
		7D37CF6417BBAD22006828C8 /* Release */ = {
			isa = XCBuildConfiguration;
			buildSettings = {
				ASSETCATALOG_COMPILER_APPICON_NAME = AppIcon;
				ASSETCATALOG_COMPILER_LAUNCHIMAGE_NAME = LaunchImage;
				CODE_SIGN_IDENTITY = "iPhone Developer";
				GCC_PRECOMPILE_PREFIX_HEADER = YES;
				GCC_PREFIX_HEADER = "ComprobarBateria/Bateria-Prefix.pch";
				INFOPLIST_FILE = "ComprobarBateria/Bateria-Info.plist";
				PRODUCT_NAME = Bateria;
				WRAPPER_EXTENSION = app;
			};
			name = Release;
		};
		7D37CF6617BBAD22006828C8 /* Debug */ = {
			isa = XCBuildConfiguration;
			buildSettings = {
				BUNDLE_LOADER = "$(BUILT_PRODUCTS_DIR)/ComprobarBateria.app/ComprobarBateria";
				FRAMEWORK_SEARCH_PATHS = (
					"$(SDKROOT)/Developer/Library/Frameworks",
					"$(inherited)",
					"$(DEVELOPER_FRAMEWORKS_DIR)",
				);
				GCC_PRECOMPILE_PREFIX_HEADER = YES;
				GCC_PREFIX_HEADER = "ComprobarBateria/ComprobarBateria-Prefix.pch";
				GCC_PREPROCESSOR_DEFINITIONS = (
					"DEBUG=1",
					"$(inherited)",
				);
				INFOPLIST_FILE = "ComprobarBateriaTests/BateriaTests-Info.plist";
				PRODUCT_NAME = BateriaTests;
				TEST_HOST = "$(BUNDLE_LOADER)";
				WRAPPER_EXTENSION = xctest;
			};
			name = Debug;
		};
		7D37CF6717BBAD22006828C8 /* Release */ = {
			isa = XCBuildConfiguration;
			buildSettings = {
				BUNDLE_LOADER = "$(BUILT_PRODUCTS_DIR)/ComprobarBateria.app/ComprobarBateria";
				FRAMEWORK_SEARCH_PATHS = (
					"$(SDKROOT)/Developer/Library/Frameworks",
					"$(inherited)",
					"$(DEVELOPER_FRAMEWORKS_DIR)",
				);
				GCC_PRECOMPILE_PREFIX_HEADER = YES;
				GCC_PREFIX_HEADER = "ComprobarBateria/ComprobarBateria-Prefix.pch";
				INFOPLIST_FILE = "ComprobarBateriaTests/BateriaTests-Info.plist";
				PRODUCT_NAME = BateriaTests;
				TEST_HOST = "$(BUNDLE_LOADER)";
				WRAPPER_EXTENSION = xctest;
			};
			name = Release;
		};
/* End XCBuildConfiguration section */

/* Begin XCConfigurationList section */
		7D37CF2817BBAD22006828C8 /* Build configuration list for PBXProject "Bateria" */ = {
			isa = XCConfigurationList;
			buildConfigurations = (
				7D37CF6017BBAD22006828C8 /* Debug */,
				7D37CF6117BBAD22006828C8 /* Release */,
			);
			defaultConfigurationIsVisible = 0;
			defaultConfigurationName = Release;
		};
		7D37CF6217BBAD22006828C8 /* Build configuration list for PBXNativeTarget "Bateria" */ = {
			isa = XCConfigurationList;
			buildConfigurations = (
				7D37CF6317BBAD22006828C8 /* Debug */,
				7D37CF6417BBAD22006828C8 /* Release */,
			);
			defaultConfigurationIsVisible = 0;
		};
		7D37CF6517BBAD22006828C8 /* Build configuration list for PBXNativeTarget "BateriaTests" */ = {
			isa = XCConfigurationList;
			buildConfigurations = (
				7D37CF6617BBAD22006828C8 /* Debug */,
				7D37CF6717BBAD22006828C8 /* Release */,
			);
			defaultConfigurationIsVisible = 0;
		};
/* End XCConfigurationList section */
	};
	rootObject = 7D37CF2517BBAD22006828C8 /* Project object */;
}
